// !$*UTF8*$!
{
	archiveVersion = 1;
	classes = {
	};
	objectVersion = 56;
	objects = {

/* Begin PBXBuildFile section */
		75434FFE2B3A2D3300823A50 /* SelectionSheetView.swift in Sources */ = {isa = PBXBuildFile; fileRef = 75434FFD2B3A2D3300823A50 /* SelectionSheetView.swift */; };
		754350002B3A332500823A50 /* SmallButton .swift in Sources */ = {isa = PBXBuildFile; fileRef = 75434FFF2B3A332500823A50 /* SmallButton .swift */; };
		757542C32B33E8F000048178 /* FoodFridgeApp.swift in Sources */ = {isa = PBXBuildFile; fileRef = 757542C22B33E8F000048178 /* FoodFridgeApp.swift */; };
		757542C52B33E8F000048178 /* AuthenthicationView.swift in Sources */ = {isa = PBXBuildFile; fileRef = 757542C42B33E8F000048178 /* AuthenthicationView.swift */; };
		757542C72B33E8F100048178 /* Assets.xcassets in Resources */ = {isa = PBXBuildFile; fileRef = 757542C62B33E8F100048178 /* Assets.xcassets */; };
		757542CB2B33E8F100048178 /* Preview Assets.xcassets in Resources */ = {isa = PBXBuildFile; fileRef = 757542CA2B33E8F100048178 /* Preview Assets.xcassets */; };
		757542D32B33EB0E00048178 /* ColorExtention.swift in Sources */ = {isa = PBXBuildFile; fileRef = 757542D22B33EB0E00048178 /* ColorExtention.swift */; };
		757542D72B33F31B00048178 /* LoginButton.swift in Sources */ = {isa = PBXBuildFile; fileRef = 757542D62B33F31B00048178 /* LoginButton.swift */; };
		757542DB2B3401EE00048178 /* SignUpWithEmailView.swift in Sources */ = {isa = PBXBuildFile; fileRef = 757542DA2B3401EE00048178 /* SignUpWithEmailView.swift */; };
		757542DD2B34B08D00048178 /* LandingPageView.swift in Sources */ = {isa = PBXBuildFile; fileRef = 757542DC2B34B08D00048178 /* LandingPageView.swift */; };
		757542DF2B34F3D300048178 /* LogInView.swift in Sources */ = {isa = PBXBuildFile; fileRef = 757542DE2B34F3D300048178 /* LogInView.swift */; };
		757542E22B351BC200048178 /* CourierPrime-Regular.ttf in Resources */ = {isa = PBXBuildFile; fileRef = 757542E12B351BC200048178 /* CourierPrime-Regular.ttf */; };
		757542E42B351BD000048178 /* CourierPrime-Bold.ttf in Resources */ = {isa = PBXBuildFile; fileRef = 757542E32B351BD000048178 /* CourierPrime-Bold.ttf */; };
/* End PBXBuildFile section */

/* Begin PBXFileReference section */
		75434FFD2B3A2D3300823A50 /* SelectionSheetView.swift */ = {isa = PBXFileReference; lastKnownFileType = sourcecode.swift; path = SelectionSheetView.swift; sourceTree = "<group>"; };
		75434FFF2B3A332500823A50 /* SmallButton .swift */ = {isa = PBXFileReference; lastKnownFileType = sourcecode.swift; path = "SmallButton .swift"; sourceTree = "<group>"; };
		757542BF2B33E8F000048178 /* FoodFridge.app */ = {isa = PBXFileReference; explicitFileType = wrapper.application; includeInIndex = 0; path = FoodFridge.app; sourceTree = BUILT_PRODUCTS_DIR; };
		757542C22B33E8F000048178 /* FoodFridgeApp.swift */ = {isa = PBXFileReference; lastKnownFileType = sourcecode.swift; path = FoodFridgeApp.swift; sourceTree = "<group>"; };
		757542C42B33E8F000048178 /* AuthenthicationView.swift */ = {isa = PBXFileReference; lastKnownFileType = sourcecode.swift; path = AuthenthicationView.swift; sourceTree = "<group>"; };
		757542C62B33E8F100048178 /* Assets.xcassets */ = {isa = PBXFileReference; lastKnownFileType = folder.assetcatalog; path = Assets.xcassets; sourceTree = "<group>"; };
		757542C82B33E8F100048178 /* FoodFridge.entitlements */ = {isa = PBXFileReference; lastKnownFileType = text.plist.entitlements; path = FoodFridge.entitlements; sourceTree = "<group>"; };
		757542CA2B33E8F100048178 /* Preview Assets.xcassets */ = {isa = PBXFileReference; lastKnownFileType = folder.assetcatalog; path = "Preview Assets.xcassets"; sourceTree = "<group>"; };
		757542D22B33EB0E00048178 /* ColorExtention.swift */ = {isa = PBXFileReference; lastKnownFileType = sourcecode.swift; path = ColorExtention.swift; sourceTree = "<group>"; };
		757542D62B33F31B00048178 /* LoginButton.swift */ = {isa = PBXFileReference; lastKnownFileType = sourcecode.swift; path = LoginButton.swift; sourceTree = "<group>"; };
		757542DA2B3401EE00048178 /* SignUpWithEmailView.swift */ = {isa = PBXFileReference; lastKnownFileType = sourcecode.swift; path = SignUpWithEmailView.swift; sourceTree = "<group>"; };
		757542DC2B34B08D00048178 /* LandingPageView.swift */ = {isa = PBXFileReference; lastKnownFileType = sourcecode.swift; path = LandingPageView.swift; sourceTree = "<group>"; };
		757542DE2B34F3D300048178 /* LogInView.swift */ = {isa = PBXFileReference; lastKnownFileType = sourcecode.swift; path = LogInView.swift; sourceTree = "<group>"; };
		757542E02B351AAF00048178 /* Info.plist */ = {isa = PBXFileReference; lastKnownFileType = text.plist; path = Info.plist; sourceTree = "<group>"; };
		757542E12B351BC200048178 /* CourierPrime-Regular.ttf */ = {isa = PBXFileReference; lastKnownFileType = file; path = "CourierPrime-Regular.ttf"; sourceTree = "<group>"; };
		757542E32B351BD000048178 /* CourierPrime-Bold.ttf */ = {isa = PBXFileReference; lastKnownFileType = file; path = "CourierPrime-Bold.ttf"; sourceTree = "<group>"; };
/* End PBXFileReference section */

/* Begin PBXFrameworksBuildPhase section */
		757542BC2B33E8F000048178 /* Frameworks */ = {
			isa = PBXFrameworksBuildPhase;
			buildActionMask = 2147483647;
			files = (
			);
			runOnlyForDeploymentPostprocessing = 0;
		};
/* End PBXFrameworksBuildPhase section */

/* Begin PBXGroup section */
		75434FFB2B37E6C500823A50 /* Authentication */ = {
			isa = PBXGroup;
			children = (
				757542C42B33E8F000048178 /* AuthenthicationView.swift */,
				757542DE2B34F3D300048178 /* LogInView.swift */,
				757542DA2B3401EE00048178 /* SignUpWithEmailView.swift */,
			);
			path = Authentication;
			sourceTree = "<group>";
		};
		75434FFC2B37E6E600823A50 /* LandingPage */ = {
			isa = PBXGroup;
			children = (
				757542DC2B34B08D00048178 /* LandingPageView.swift */,
				75434FFD2B3A2D3300823A50 /* SelectionSheetView.swift */,
			);
			path = LandingPage;
			sourceTree = "<group>";
		};
		757542B62B33E8F000048178 = {
			isa = PBXGroup;
			children = (
				757542C12B33E8F000048178 /* FoodFridge */,
				757542C02B33E8F000048178 /* Products */,
			);
			sourceTree = "<group>";
		};
		757542C02B33E8F000048178 /* Products */ = {
			isa = PBXGroup;
			children = (
				757542BF2B33E8F000048178 /* FoodFridge.app */,
			);
			name = Products;
			sourceTree = "<group>";
		};
		757542C12B33E8F000048178 /* FoodFridge */ = {
			isa = PBXGroup;
			children = (
				757542E02B351AAF00048178 /* Info.plist */,
				757542C22B33E8F000048178 /* FoodFridgeApp.swift */,
				757542D42B33EFCE00048178 /* Core */,
				757542D12B33EAE900048178 /* Helper */,
				757542C62B33E8F100048178 /* Assets.xcassets */,
				757542C82B33E8F100048178 /* FoodFridge.entitlements */,
				757542C92B33E8F100048178 /* Preview Content */,
			);
			path = FoodFridge;
			sourceTree = "<group>";
		};
		757542C92B33E8F100048178 /* Preview Content */ = {
			isa = PBXGroup;
			children = (
				757542CA2B33E8F100048178 /* Preview Assets.xcassets */,
			);
			path = "Preview Content";
			sourceTree = "<group>";
		};
		757542D12B33EAE900048178 /* Helper */ = {
			isa = PBXGroup;
			children = (
				757542D22B33EB0E00048178 /* ColorExtention.swift */,
				757542E52B351BD800048178 /* Fonts */,
			);
			path = Helper;
			sourceTree = "<group>";
		};
		757542D42B33EFCE00048178 /* Core */ = {
			isa = PBXGroup;
			children = (
				75434FFB2B37E6C500823A50 /* Authentication */,
				75434FFC2B37E6E600823A50 /* LandingPage */,
				757542D52B33F2E700048178 /* Component */,
			);
			path = Core;
			sourceTree = "<group>";
		};
		757542D52B33F2E700048178 /* Component */ = {
			isa = PBXGroup;
			children = (
				757542D62B33F31B00048178 /* LoginButton.swift */,
				75434FFF2B3A332500823A50 /* SmallButton .swift */,
			);
			path = Component;
			sourceTree = "<group>";
		};
		757542E52B351BD800048178 /* Fonts */ = {
			isa = PBXGroup;
			children = (
				757542E32B351BD000048178 /* CourierPrime-Bold.ttf */,
				757542E12B351BC200048178 /* CourierPrime-Regular.ttf */,
			);
			path = Fonts;
			sourceTree = "<group>";
		};
/* End PBXGroup section */

/* Begin PBXNativeTarget section */
		757542BE2B33E8F000048178 /* FoodFridge */ = {
			isa = PBXNativeTarget;
			buildConfigurationList = 757542CE2B33E8F100048178 /* Build configuration list for PBXNativeTarget "FoodFridge" */;
			buildPhases = (
				757542BB2B33E8F000048178 /* Sources */,
				757542BC2B33E8F000048178 /* Frameworks */,
				757542BD2B33E8F000048178 /* Resources */,
			);
			buildRules = (
			);
			dependencies = (
			);
			name = FoodFridge;
			productName = FoodFridge;
			productReference = 757542BF2B33E8F000048178 /* FoodFridge.app */;
			productType = "com.apple.product-type.application";
		};
/* End PBXNativeTarget section */

/* Begin PBXProject section */
		757542B72B33E8F000048178 /* Project object */ = {
			isa = PBXProject;
			attributes = {
				BuildIndependentTargetsInParallel = 1;
				LastSwiftUpdateCheck = 1500;
				LastUpgradeCheck = 1500;
				TargetAttributes = {
					757542BE2B33E8F000048178 = {
						CreatedOnToolsVersion = 15.0;
					};
				};
			};
			buildConfigurationList = 757542BA2B33E8F000048178 /* Build configuration list for PBXProject "FoodFridge" */;
			compatibilityVersion = "Xcode 14.0";
			developmentRegion = en;
			hasScannedForEncodings = 0;
			knownRegions = (
				en,
				Base,
			);
			mainGroup = 757542B62B33E8F000048178;
			productRefGroup = 757542C02B33E8F000048178 /* Products */;
			projectDirPath = "";
			projectRoot = "";
			targets = (
				757542BE2B33E8F000048178 /* FoodFridge */,
			);
		};
/* End PBXProject section */

/* Begin PBXResourcesBuildPhase section */
		757542BD2B33E8F000048178 /* Resources */ = {
			isa = PBXResourcesBuildPhase;
			buildActionMask = 2147483647;
			files = (
				757542CB2B33E8F100048178 /* Preview Assets.xcassets in Resources */,
				757542E42B351BD000048178 /* CourierPrime-Bold.ttf in Resources */,
				757542E22B351BC200048178 /* CourierPrime-Regular.ttf in Resources */,
				757542C72B33E8F100048178 /* Assets.xcassets in Resources */,
			);
			runOnlyForDeploymentPostprocessing = 0;
		};
/* End PBXResourcesBuildPhase section */

/* Begin PBXSourcesBuildPhase section */
		757542BB2B33E8F000048178 /* Sources */ = {
			isa = PBXSourcesBuildPhase;
			buildActionMask = 2147483647;
			files = (
				757542D32B33EB0E00048178 /* ColorExtention.swift in Sources */,
				757542DF2B34F3D300048178 /* LogInView.swift in Sources */,
				757542DD2B34B08D00048178 /* LandingPageView.swift in Sources */,
				757542D72B33F31B00048178 /* LoginButton.swift in Sources */,
				757542C52B33E8F000048178 /* AuthenthicationView.swift in Sources */,
				75434FFE2B3A2D3300823A50 /* SelectionSheetView.swift in Sources */,
				757542C32B33E8F000048178 /* FoodFridgeApp.swift in Sources */,
				754350002B3A332500823A50 /* SmallButton .swift in Sources */,
				757542DB2B3401EE00048178 /* SignUpWithEmailView.swift in Sources */,
			);
			runOnlyForDeploymentPostprocessing = 0;
		};
/* End PBXSourcesBuildPhase section */

/* Begin XCBuildConfiguration section */
		757542CC2B33E8F100048178 /* Debug */ = {
			isa = XCBuildConfiguration;
			buildSettings = {
				ALWAYS_SEARCH_USER_PATHS = NO;
				ASSETCATALOG_COMPILER_GENERATE_SWIFT_ASSET_SYMBOL_EXTENSIONS = YES;
				CLANG_ANALYZER_NONNULL = YES;
				CLANG_ANALYZER_NUMBER_OBJECT_CONVERSION = YES_AGGRESSIVE;
				CLANG_CXX_LANGUAGE_STANDARD = "gnu++20";
				CLANG_ENABLE_MODULES = YES;
				CLANG_ENABLE_OBJC_ARC = YES;
				CLANG_ENABLE_OBJC_WEAK = YES;
				CLANG_WARN_BLOCK_CAPTURE_AUTORELEASING = YES;
				CLANG_WARN_BOOL_CONVERSION = YES;
				CLANG_WARN_COMMA = YES;
				CLANG_WARN_CONSTANT_CONVERSION = YES;
				CLANG_WARN_DEPRECATED_OBJC_IMPLEMENTATIONS = YES;
				CLANG_WARN_DIRECT_OBJC_ISA_USAGE = YES_ERROR;
				CLANG_WARN_DOCUMENTATION_COMMENTS = YES;
				CLANG_WARN_EMPTY_BODY = YES;
				CLANG_WARN_ENUM_CONVERSION = YES;
				CLANG_WARN_INFINITE_RECURSION = YES;
				CLANG_WARN_INT_CONVERSION = YES;
				CLANG_WARN_NON_LITERAL_NULL_CONVERSION = YES;
				CLANG_WARN_OBJC_IMPLICIT_RETAIN_SELF = YES;
				CLANG_WARN_OBJC_LITERAL_CONVERSION = YES;
				CLANG_WARN_OBJC_ROOT_CLASS = YES_ERROR;
				CLANG_WARN_QUOTED_INCLUDE_IN_FRAMEWORK_HEADER = YES;
				CLANG_WARN_RANGE_LOOP_ANALYSIS = YES;
				CLANG_WARN_STRICT_PROTOTYPES = YES;
				CLANG_WARN_SUSPICIOUS_MOVE = YES;
				CLANG_WARN_UNGUARDED_AVAILABILITY = YES_AGGRESSIVE;
				CLANG_WARN_UNREACHABLE_CODE = YES;
				CLANG_WARN__DUPLICATE_METHOD_MATCH = YES;
				COPY_PHASE_STRIP = NO;
				DEBUG_INFORMATION_FORMAT = dwarf;
				ENABLE_STRICT_OBJC_MSGSEND = YES;
				ENABLE_TESTABILITY = YES;
				ENABLE_USER_SCRIPT_SANDBOXING = YES;
				GCC_C_LANGUAGE_STANDARD = gnu17;
				GCC_DYNAMIC_NO_PIC = NO;
				GCC_NO_COMMON_BLOCKS = YES;
				GCC_OPTIMIZATION_LEVEL = 0;
				GCC_PREPROCESSOR_DEFINITIONS = (
					"DEBUG=1",
					"$(inherited)",
				);
				GCC_WARN_64_TO_32_BIT_CONVERSION = YES;
				GCC_WARN_ABOUT_RETURN_TYPE = YES_ERROR;
				GCC_WARN_UNDECLARED_SELECTOR = YES;
				GCC_WARN_UNINITIALIZED_AUTOS = YES_AGGRESSIVE;
				GCC_WARN_UNUSED_FUNCTION = YES;
				GCC_WARN_UNUSED_VARIABLE = YES;
				LOCALIZATION_PREFERS_STRING_CATALOGS = YES;
				MTL_ENABLE_DEBUG_INFO = INCLUDE_SOURCE;
				MTL_FAST_MATH = YES;
				ONLY_ACTIVE_ARCH = YES;
				SWIFT_ACTIVE_COMPILATION_CONDITIONS = "DEBUG $(inherited)";
				SWIFT_OPTIMIZATION_LEVEL = "-Onone";
			};
			name = Debug;
		};
		757542CD2B33E8F100048178 /* Release */ = {
			isa = XCBuildConfiguration;
			buildSettings = {
				ALWAYS_SEARCH_USER_PATHS = NO;
				ASSETCATALOG_COMPILER_GENERATE_SWIFT_ASSET_SYMBOL_EXTENSIONS = YES;
				CLANG_ANALYZER_NONNULL = YES;
				CLANG_ANALYZER_NUMBER_OBJECT_CONVERSION = YES_AGGRESSIVE;
				CLANG_CXX_LANGUAGE_STANDARD = "gnu++20";
				CLANG_ENABLE_MODULES = YES;
				CLANG_ENABLE_OBJC_ARC = YES;
				CLANG_ENABLE_OBJC_WEAK = YES;
				CLANG_WARN_BLOCK_CAPTURE_AUTORELEASING = YES;
				CLANG_WARN_BOOL_CONVERSION = YES;
				CLANG_WARN_COMMA = YES;
				CLANG_WARN_CONSTANT_CONVERSION = YES;
				CLANG_WARN_DEPRECATED_OBJC_IMPLEMENTATIONS = YES;
				CLANG_WARN_DIRECT_OBJC_ISA_USAGE = YES_ERROR;
				CLANG_WARN_DOCUMENTATION_COMMENTS = YES;
				CLANG_WARN_EMPTY_BODY = YES;
				CLANG_WARN_ENUM_CONVERSION = YES;
				CLANG_WARN_INFINITE_RECURSION = YES;
				CLANG_WARN_INT_CONVERSION = YES;
				CLANG_WARN_NON_LITERAL_NULL_CONVERSION = YES;
				CLANG_WARN_OBJC_IMPLICIT_RETAIN_SELF = YES;
				CLANG_WARN_OBJC_LITERAL_CONVERSION = YES;
				CLANG_WARN_OBJC_ROOT_CLASS = YES_ERROR;
				CLANG_WARN_QUOTED_INCLUDE_IN_FRAMEWORK_HEADER = YES;
				CLANG_WARN_RANGE_LOOP_ANALYSIS = YES;
				CLANG_WARN_STRICT_PROTOTYPES = YES;
				CLANG_WARN_SUSPICIOUS_MOVE = YES;
				CLANG_WARN_UNGUARDED_AVAILABILITY = YES_AGGRESSIVE;
				CLANG_WARN_UNREACHABLE_CODE = YES;
				CLANG_WARN__DUPLICATE_METHOD_MATCH = YES;
				COPY_PHASE_STRIP = NO;
				DEBUG_INFORMATION_FORMAT = "dwarf-with-dsym";
				ENABLE_NS_ASSERTIONS = NO;
				ENABLE_STRICT_OBJC_MSGSEND = YES;
				ENABLE_USER_SCRIPT_SANDBOXING = YES;
				GCC_C_LANGUAGE_STANDARD = gnu17;
				GCC_NO_COMMON_BLOCKS = YES;
				GCC_WARN_64_TO_32_BIT_CONVERSION = YES;
				GCC_WARN_ABOUT_RETURN_TYPE = YES_ERROR;
				GCC_WARN_UNDECLARED_SELECTOR = YES;
				GCC_WARN_UNINITIALIZED_AUTOS = YES_AGGRESSIVE;
				GCC_WARN_UNUSED_FUNCTION = YES;
				GCC_WARN_UNUSED_VARIABLE = YES;
				LOCALIZATION_PREFERS_STRING_CATALOGS = YES;
				MTL_ENABLE_DEBUG_INFO = NO;
				MTL_FAST_MATH = YES;
				SWIFT_COMPILATION_MODE = wholemodule;
			};
			name = Release;
		};
		757542CF2B33E8F100048178 /* Debug */ = {
			isa = XCBuildConfiguration;
			buildSettings = {
				ASSETCATALOG_COMPILER_APPICON_NAME = AppIcon;
				ASSETCATALOG_COMPILER_GLOBAL_ACCENT_COLOR_NAME = AccentColor;
				CODE_SIGN_ENTITLEMENTS = FoodFridge/FoodFridge.entitlements;
				CODE_SIGN_STYLE = Automatic;
				CURRENT_PROJECT_VERSION = 1;
				DEVELOPMENT_ASSET_PATHS = "\"FoodFridge/Preview Content\"";
				DEVELOPMENT_TEAM = PT92CM9W49;
				ENABLE_HARDENED_RUNTIME = YES;
				ENABLE_PREVIEWS = YES;
				GENERATE_INFOPLIST_FILE = YES;
				INFOPLIST_FILE = FoodFridge/Info.plist;
				INFOPLIST_KEY_LSApplicationCategoryType = "";
				"INFOPLIST_KEY_UIApplicationSceneManifest_Generation[sdk=iphoneos*]" = YES;
				"INFOPLIST_KEY_UIApplicationSceneManifest_Generation[sdk=iphonesimulator*]" = YES;
				"INFOPLIST_KEY_UIApplicationSupportsIndirectInputEvents[sdk=iphoneos*]" = YES;
				"INFOPLIST_KEY_UIApplicationSupportsIndirectInputEvents[sdk=iphonesimulator*]" = YES;
				"INFOPLIST_KEY_UILaunchScreen_Generation[sdk=iphoneos*]" = YES;
				"INFOPLIST_KEY_UILaunchScreen_Generation[sdk=iphonesimulator*]" = YES;
				"INFOPLIST_KEY_UIStatusBarStyle[sdk=iphoneos*]" = UIStatusBarStyleDefault;
				"INFOPLIST_KEY_UIStatusBarStyle[sdk=iphonesimulator*]" = UIStatusBarStyleDefault;
				INFOPLIST_KEY_UISupportedInterfaceOrientations_iPad = "UIInterfaceOrientationPortrait UIInterfaceOrientationPortraitUpsideDown UIInterfaceOrientationLandscapeLeft UIInterfaceOrientationLandscapeRight";
				INFOPLIST_KEY_UISupportedInterfaceOrientations_iPhone = "UIInterfaceOrientationPortrait UIInterfaceOrientationLandscapeLeft UIInterfaceOrientationLandscapeRight";
				IPHONEOS_DEPLOYMENT_TARGET = 16.0;
				LD_RUNPATH_SEARCH_PATHS = "@executable_path/Frameworks";
				"LD_RUNPATH_SEARCH_PATHS[sdk=macosx*]" = "@executable_path/../Frameworks";
				MACOSX_DEPLOYMENT_TARGET = 13.0;
				MARKETING_VERSION = 1.0;
				PRODUCT_BUNDLE_IDENTIFIER = com.foodfridge.jessie.FoodFridge;
				PRODUCT_NAME = "$(TARGET_NAME)";
				SDKROOT = auto;
				SUPPORTED_PLATFORMS = "iphoneos iphonesimulator macosx";
				SWIFT_EMIT_LOC_STRINGS = YES;
				SWIFT_VERSION = 5.0;
				TARGETED_DEVICE_FAMILY = "1,2";
			};
			name = Debug;
		};
		757542D02B33E8F100048178 /* Release */ = {
			isa = XCBuildConfiguration;
			buildSettings = {
				ASSETCATALOG_COMPILER_APPICON_NAME = AppIcon;
				ASSETCATALOG_COMPILER_GLOBAL_ACCENT_COLOR_NAME = AccentColor;
				CODE_SIGN_ENTITLEMENTS = FoodFridge/FoodFridge.entitlements;
				CODE_SIGN_STYLE = Automatic;
				CURRENT_PROJECT_VERSION = 1;
				DEVELOPMENT_ASSET_PATHS = "\"FoodFridge/Preview Content\"";
				DEVELOPMENT_TEAM = PT92CM9W49;
				ENABLE_HARDENED_RUNTIME = YES;
				ENABLE_PREVIEWS = YES;
				GENERATE_INFOPLIST_FILE = YES;
				INFOPLIST_FILE = FoodFridge/Info.plist;
				INFOPLIST_KEY_LSApplicationCategoryType = "";
				"INFOPLIST_KEY_UIApplicationSceneManifest_Generation[sdk=iphoneos*]" = YES;
				"INFOPLIST_KEY_UIApplicationSceneManifest_Generation[sdk=iphonesimulator*]" = YES;
				"INFOPLIST_KEY_UIApplicationSupportsIndirectInputEvents[sdk=iphoneos*]" = YES;
				"INFOPLIST_KEY_UIApplicationSupportsIndirectInputEvents[sdk=iphonesimulator*]" = YES;
				"INFOPLIST_KEY_UILaunchScreen_Generation[sdk=iphoneos*]" = YES;
				"INFOPLIST_KEY_UILaunchScreen_Generation[sdk=iphonesimulator*]" = YES;
				"INFOPLIST_KEY_UIStatusBarStyle[sdk=iphoneos*]" = UIStatusBarStyleDefault;
				"INFOPLIST_KEY_UIStatusBarStyle[sdk=iphonesimulator*]" = UIStatusBarStyleDefault;
				INFOPLIST_KEY_UISupportedInterfaceOrientations_iPad = "UIInterfaceOrientationPortrait UIInterfaceOrientationPortraitUpsideDown UIInterfaceOrientationLandscapeLeft UIInterfaceOrientationLandscapeRight";
				INFOPLIST_KEY_UISupportedInterfaceOrientations_iPhone = "UIInterfaceOrientationPortrait UIInterfaceOrientationLandscapeLeft UIInterfaceOrientationLandscapeRight";
				IPHONEOS_DEPLOYMENT_TARGET = 16.0;
				LD_RUNPATH_SEARCH_PATHS = "@executable_path/Frameworks";
				"LD_RUNPATH_SEARCH_PATHS[sdk=macosx*]" = "@executable_path/../Frameworks";
				MACOSX_DEPLOYMENT_TARGET = 13.0;
				MARKETING_VERSION = 1.0;
				PRODUCT_BUNDLE_IDENTIFIER = com.foodfridge.jessie.FoodFridge;
				PRODUCT_NAME = "$(TARGET_NAME)";
				SDKROOT = auto;
				SUPPORTED_PLATFORMS = "iphoneos iphonesimulator macosx";
				SWIFT_EMIT_LOC_STRINGS = YES;
				SWIFT_VERSION = 5.0;
				TARGETED_DEVICE_FAMILY = "1,2";
			};
			name = Release;
		};
/* End XCBuildConfiguration section */

/* Begin XCConfigurationList section */
		757542BA2B33E8F000048178 /* Build configuration list for PBXProject "FoodFridge" */ = {
			isa = XCConfigurationList;
			buildConfigurations = (
				757542CC2B33E8F100048178 /* Debug */,
				757542CD2B33E8F100048178 /* Release */,
			);
			defaultConfigurationIsVisible = 0;
			defaultConfigurationName = Release;
		};
		757542CE2B33E8F100048178 /* Build configuration list for PBXNativeTarget "FoodFridge" */ = {
			isa = XCConfigurationList;
			buildConfigurations = (
				757542CF2B33E8F100048178 /* Debug */,
				757542D02B33E8F100048178 /* Release */,
			);
			defaultConfigurationIsVisible = 0;
			defaultConfigurationName = Release;
		};
/* End XCConfigurationList section */
	};
	rootObject = 757542B72B33E8F000048178 /* Project object */;
}
